{
  "nodes": {
    "config-nvim": {
      "flake": false,
      "locked": {
        "lastModified": 1785135969,
        "narHash": "sha256-/rl/bgf+okFPvWIZCqiCGWdDJuxwzDnNCy+YlyPbf+0=",
        "ref": "refs/heads/main",
        "rev": "a75bd46ee022b339cf23e83f4ff0047cbb26ac9d",
        "shallow": true,
        "type": "git",
        "url": "https://github.com/larkin1/config.nvim"
      },
      "original": {
        "shallow": true,
        "type": "git",
        "url": "https://github.com/larkin1/config.nvim"
      }
    },
    "config-quickshell": {
      "flake": false,
      "locked": {
        "lastModified": 1789687295,
        "narHash": "sha256-NBr5X5i9FNPeRLryY4Q6fJslFW6Dy03kr8mxusB94v0=",
        "ref": "refs/heads/main",
        "rev": "e38ce958e1a1289996613b5249daac5bebe109c1",
        "shallow": true,
        "type": "git",
        "url": "https://github.com/larkin1/config.quickshell"
      },
      "original": {
        "shallow": true,
        "type": "git",
        "url": "https://github.com/larkin1/config.quickshell"
      }
    },
    "config-walls": {
      "flake": false,
      "locked": {
        "lastModified": 1782371746,
        "narHash": "sha256-E75MxooEr8bQVrabO5V1X1TNNB4uxzS5kSes25xJjqY=",
        "ref": "refs/heads/main",
        "rev": "247979598e8447811b475a0e59ce2f64751b700c",
        "shallow": true,
        "type": "git",
        "url": "https://github.com/larkin1/config.walls"
      },
      "original": {
        "shallow": true,
        "type": "git",
        "url": "https://github.com/larkin1/config.walls"
      }
    },
    "helium": {
      "inputs": {
        "nixpkgs": [
          "nixpkgs"
        ],
        "nixpkgs-darwin": "nixpkgs-darwin",
        "utils": "utils"
      },
      "locked": {
        "lastModified": 1789618854,
        "narHash": "sha256-eVpBdgvsxGcjZMnJp48PapONQIpaKKLsKXhvLckLhhY=",
        "owner": "schembriaiden",
        "repo": "helium-browser-nix-flake",
        "rev": "6cdfb2435c09430b6d4875d2018c9cf21b13d2f8",
        "type": "github"
      },
      "original": {
        "owner": "schembriaiden",
        "repo": "helium-browser-nix-flake",
        "type": "github"
      }
    },
    "hjem": {
      "inputs": {
        "nixpkgs": [
          "nixpkgs"
        ]
      },
      "locked": {
        "lastModified": 1789234255,
        "narHash": "sha256-0nvWuRbgL4GEKpR8Y4wsB3kmsVgyd0cW8kLHc2BqlTc=",
        "owner": "feel-co",
        "repo": "hjem",
        "rev": "e5e30b4320a8cbcd6cdfc65f044763669a8f0363",
        "type": "github"
      },
      "original": {
        "owner": "feel-co",
        "repo": "hjem",
        "type": "github"
      }
    },
    "matugen": {
      "inputs": {
        "nixpkgs": [
          "nixpkgs"
        ],
        "systems": "systems_2"
      },
      "locked": {
        "lastModified": 1789407349,
        "narHash": "sha256-yPtuq9Gf+vZFwlCY+FU3BTajoBOZhLgzCapf4GpOojY=",
        "owner": "InioX",
        "repo": "Matugen",
        "rev": "519e4a4bffdc78adbdc65f7882ce999d99a074c7",
        "type": "github"
      },
      "original": {
        "owner": "InioX",
        "repo": "Matugen",
        "type": "github"
      }
    },
    "nixpkgs": {
      "locked": {
        "lastModified": 1789546076,
        "narHash": "sha256-zVxLZiSnmaaPLwnhj7pwmqe3axBg/C6nG5JZsJMh2g4=",
        "owner": "nixos",
        "repo": "nixpkgs",
        "rev": "b1b875982b17dabde9b4a37f3e229e74913e6db3",
        "type": "github"
      },
      "original": {
        "owner": "nixos",
        "ref": "nixos-unstable",
        "repo": "nixpkgs",
        "type": "github"
      }
    },
    "nixpkgs-darwin": {
      "locked": {
        "lastModified": 1789155820,
        "narHash": "sha256-cTHZTeYRV42p62ss3ZEFnBXrW3WpLgDpYWYyat4V2b8=",
        "owner": "NixOS",
        "repo": "nixpkgs",
        "rev": "8029b6c369415ee1ef02a86f352806348f104db9",
        "type": "github"
      },
      "original": {
        "owner": "NixOS",
        "ref": "nixpkgs-26.05-darwin",
        "repo": "nixpkgs",
        "type": "github"
      }
    },
    "nixpkgs_2": {
      "locked": {
        "lastModified": 1789149629,
        "narHash": "sha256-eQUZVehWLDBbpBR2rq6DnuRee1ULT6Y675RhsYDSjYI=",
        "rev": "eaad089433ca2bb662274377d33df3d0e51ef28b",
        "type": "tarball",
        "url": "https://releases.nixos.org/nixos/unstable/nixos-26.11pre1072397.eaad089433ca/nixexprs.tar.xz"
      },
      "original": {
        "type": "tarball",
        "url": "https://channels.nixos.org/nixos-unstable/nixexprs.tar.xz"
      }
    },
    "root": {
      "inputs": {
        "config-nvim": "config-nvim",
        "config-quickshell": "config-quickshell",
        "config-walls": "config-walls",
        "helium": "helium",
        "hjem": "hjem",
        "matugen": "matugen",
        "nixpkgs": "nixpkgs",
        "spicetify-nix": "spicetify-nix"
      }
    },
    "spicetify-nix": {
      "inputs": {
        "nixpkgs": "nixpkgs_2",
        "systems": "systems_3"
      },
      "locked": {
        "lastModified": 1789291406,
        "narHash": "sha256-lfZ7yAaTZMuAzOSLjJ7ivrKIFk0E11koWTVgkWSXwuE=",
        "ref": "refs/heads/master",
        "rev": "09eed5c95105aada9ffabd4c7eb6b345dc4ba66f",
        "revCount": 1026,
        "type": "git",
        "url": "https://github.com/Gerg-L/spicetify-nix"
      },
      "original": {
        "type": "git",
        "url": "https://github.com/Gerg-L/spicetify-nix"
      }
    },
    "systems": {
      "locked": {
        "lastModified": 1681028828,
        "narHash": "sha256-Vy1rq5AaRuLzOxct8nz4T6wlgyUR7zLU309k9mBC768=",
        "owner": "nix-systems",
        "repo": "default",
        "rev": "da67096a3b9bf56a91d16901293e51ba5b49a27e",
        "type": "github"
      },
      "original": {
        "owner": "nix-systems",
        "repo": "default",
        "type": "github"
      }
    },
    "systems_2": {
      "locked": {
        "lastModified": 1689347949,
        "narHash": "sha256-12tWmuL2zgBgZkdoB6qXZsgJEH9LR3oUgpaQq2RbI80=",
        "owner": "nix-systems",
        "repo": "default-linux",
        "rev": "31732fcf5e8fea42e59c2488ad31a0e651500f68",
        "type": "github"
      },
      "original": {
        "owner": "nix-systems",
        "repo": "default-linux",
        "type": "github"
      }
    },
    "systems_3": {
      "locked": {
        "lastModified": 1681028828,
        "narHash": "sha256-Vy1rq5AaRuLzOxct8nz4T6wlgyUR7zLU309k9mBC768=",
        "owner": "nix-systems",
        "repo": "default",
        "rev": "da67096a3b9bf56a91d16901293e51ba5b49a27e",
        "type": "github"
      },
      "original": {
        "owner": "nix-systems",
        "repo": "default",
        "type": "github"
      }
    },
    "utils": {
      "inputs": {
        "systems": "systems"
      },
      "locked": {
        "lastModified": 1731533236,
        "narHash": "sha256-l0KFg5HjrsfsO/JpG+r7fRrqm12kzFHyUHqHCVpMMbI=",
        "owner": "numtide",
        "repo": "flake-utils",
        "rev": "11707dc2f618dd54ca8739b309ec4fc024de578b",
        "type": "github"
      },
      "original": {
        "owner": "numtide",
        "repo": "flake-utils",
        "type": "github"
      }
    }
  },
  "root": "root",
  "version": 7
}
