{
  "nodes": {
    "config-nvim": {
      "flake": false,
      "locked": {
        "lastModified": 1789885328,
        "narHash": "sha256-7wVMyt1bdtJdbL+ZaBTWaIq40kxfjChtmno9BXG2jZI=",
        "ref": "refs/heads/main",
        "rev": "446784899ac8c455035e066cbb0dacaf4eee658b",
        "shallow": true,
        "type": "git",
        "url": "https://github.com/larkin1/config.nvim"
      },
      "original": {
        "shallow": true,
        "type": "git",
        "url": "https://github.com/larkin1/config.nvim"
      }
    },
    "config-quickshell": {
      "flake": false,
      "locked": {
        "lastModified": 1790242825,
        "narHash": "sha256-bQVyHsO5guMUL7e0fwaU8rDHai4e/FWXRIWUOrgmo/0=",
        "ref": "refs/heads/main",
        "rev": "677c20f8f9e25c9a444139337600872c8c68badd",
        "shallow": true,
        "type": "git",
        "url": "https://github.com/larkin1/config.quickshell"
      },
      "original": {
        "shallow": true,
        "type": "git",
        "url": "https://github.com/larkin1/config.quickshell"
      }
    },
    "config-walls": {
      "flake": false,
      "locked": {
        "lastModified": 1789867104,
        "narHash": "sha256-H9PqqL1eM4+h+vIlia09gTaL5ZAIP5Z2s5ASgQ/9xBI=",
        "ref": "refs/heads/main",
        "rev": "3b8aa7429b18f315f79b2dfea8c6343e36d3f79d",
        "shallow": true,
        "type": "git",
        "url": "https://github.com/larkin1/config.walls"
      },
      "original": {
        "shallow": true,
        "type": "git",
        "url": "https://github.com/larkin1/config.walls"
      }
    },
    "helium": {
      "inputs": {
        "nixpkgs": [
          "nixpkgs"
        ],
        "nixpkgs-darwin": "nixpkgs-darwin",
        "utils": "utils"
      },
      "locked": {
        "lastModified": 1790255300,
        "narHash": "sha256-QAdJm/1YiW8B2fd3dDVyitOyKrKOPDCSEbdYStkdaPs=",
        "owner": "schembriaiden",
        "repo": "helium-browser-nix-flake",
        "rev": "b413a26c70bb354197e34fd2e493508cb8326576",
        "type": "github"
      },
      "original": {
        "owner": "schembriaiden",
        "repo": "helium-browser-nix-flake",
        "type": "github"
      }
    },
    "hjem": {
      "inputs": {
        "nixpkgs": [
          "nixpkgs"
        ]
      },
      "locked": {
        "lastModified": 1790081753,
        "narHash": "sha256-tycoVCB2KSVdy9ERT1lJGHdP9Hf4FHanaEY25hUxylw=",
        "owner": "feel-co",
        "repo": "hjem",
        "rev": "cef02450f2c18a7e2b9297ea8d366f9a597254f7",
        "type": "github"
      },
      "original": {
        "owner": "feel-co",
        "repo": "hjem",
        "type": "github"
      }
    },
    "matugen": {
      "inputs": {
        "nixpkgs": [
          "nixpkgs"
        ],
        "systems": "systems_2"
      },
      "locked": {
        "lastModified": 1789910191,
        "narHash": "sha256-xt16rUkAM4NztPn+eihGB0k1mChcq729jwK/0zler3c=",
        "owner": "InioX",
        "repo": "Matugen",
        "rev": "ca94b8b03c26199158a187f3388a0c61f8802b0e",
        "type": "github"
      },
      "original": {
        "owner": "InioX",
        "repo": "Matugen",
        "type": "github"
      }
    },
    "nixpkgs": {
      "locked": {
        "lastModified": 1790185690,
        "narHash": "sha256-xJ+X4hBtOcAFGBOe5nAMyMUeF9foJBmIOu3NjBqBycU=",
        "owner": "nixos",
        "repo": "nixpkgs",
        "rev": "4975466d324710c576dc11ad614684e6bd8cad8e",
        "type": "github"
      },
      "original": {
        "owner": "nixos",
        "ref": "nixos-unstable",
        "repo": "nixpkgs",
        "type": "github"
      }
    },
    "nixpkgs-darwin": {
      "locked": {
        "lastModified": 1790117938,
        "narHash": "sha256-KgxFEzwzcmyNe4mqlYtsZjzy40mLcNVKtaeoCf5tCGg=",
        "owner": "NixOS",
        "repo": "nixpkgs",
        "rev": "bd495b825e5c4365131f9b744cce923d42c06158",
        "type": "github"
      },
      "original": {
        "owner": "NixOS",
        "ref": "nixpkgs-26.05-darwin",
        "repo": "nixpkgs",
        "type": "github"
      }
    },
    "nixpkgs_2": {
      "locked": {
        "lastModified": 1789921291,
        "narHash": "sha256-uLLUj+TLUmBc6KrUzx76KZdPi5ZkI1ORR9A6lJUIZlo=",
        "rev": "44a91898084f46797b5fac650c7e8c9ac38c43d4",
        "type": "tarball",
        "url": "https://releases.nixos.org/nixos/unstable/nixos-26.11pre1077143.44a91898084f/nixexprs.tar.xz"
      },
      "original": {
        "type": "tarball",
        "url": "https://channels.nixos.org/nixos-unstable/nixexprs.tar.xz"
      }
    },
    "root": {
      "inputs": {
        "config-nvim": "config-nvim",
        "config-quickshell": "config-quickshell",
        "config-walls": "config-walls",
        "helium": "helium",
        "hjem": "hjem",
        "matugen": "matugen",
        "nixpkgs": "nixpkgs",
        "spicetify-nix": "spicetify-nix"
      }
    },
    "spicetify-nix": {
      "inputs": {
        "nixpkgs": "nixpkgs_2",
        "systems": "systems_3"
      },
      "locked": {
        "lastModified": 1790025920,
        "narHash": "sha256-SmeXQetF/hQbhz0qVv3qv7QxvfKhhrJ+tgYQLYkFJZk=",
        "ref": "refs/heads/master",
        "rev": "e96330757db4c93b10c31b85feb23ffa693f7b2d",
        "revCount": 1028,
        "type": "git",
        "url": "https://github.com/Gerg-L/spicetify-nix"
      },
      "original": {
        "type": "git",
        "url": "https://github.com/Gerg-L/spicetify-nix"
      }
    },
    "systems": {
      "locked": {
        "lastModified": 1681028828,
        "narHash": "sha256-Vy1rq5AaRuLzOxct8nz4T6wlgyUR7zLU309k9mBC768=",
        "owner": "nix-systems",
        "repo": "default",
        "rev": "da67096a3b9bf56a91d16901293e51ba5b49a27e",
        "type": "github"
      },
      "original": {
        "owner": "nix-systems",
        "repo": "default",
        "type": "github"
      }
    },
    "systems_2": {
      "locked": {
        "lastModified": 1689347949,
        "narHash": "sha256-12tWmuL2zgBgZkdoB6qXZsgJEH9LR3oUgpaQq2RbI80=",
        "owner": "nix-systems",
        "repo": "default-linux",
        "rev": "31732fcf5e8fea42e59c2488ad31a0e651500f68",
        "type": "github"
      },
      "original": {
        "owner": "nix-systems",
        "repo": "default-linux",
        "type": "github"
      }
    },
    "systems_3": {
      "locked": {
        "lastModified": 1681028828,
        "narHash": "sha256-Vy1rq5AaRuLzOxct8nz4T6wlgyUR7zLU309k9mBC768=",
        "owner": "nix-systems",
        "repo": "default",
        "rev": "da67096a3b9bf56a91d16901293e51ba5b49a27e",
        "type": "github"
      },
      "original": {
        "owner": "nix-systems",
        "repo": "default",
        "type": "github"
      }
    },
    "utils": {
      "inputs": {
        "systems": "systems"
      },
      "locked": {
        "lastModified": 1731533236,
        "narHash": "sha256-l0KFg5HjrsfsO/JpG+r7fRrqm12kzFHyUHqHCVpMMbI=",
        "owner": "numtide",
        "repo": "flake-utils",
        "rev": "11707dc2f618dd54ca8739b309ec4fc024de578b",
        "type": "github"
      },
      "original": {
        "owner": "numtide",
        "repo": "flake-utils",
        "type": "github"
      }
    }
  },
  "root": "root",
  "version": 7
}
