{
  "nodes": {
    "config-nvim": {
      "flake": false,
      "locked": {
        "lastModified": 1785135969,
        "narHash": "sha256-/rl/bgf+okFPvWIZCqiCGWdDJuxwzDnNCy+YlyPbf+0=",
        "ref": "refs/heads/main",
        "rev": "a75bd46ee022b339cf23e83f4ff0047cbb26ac9d",
        "shallow": true,
        "type": "git",
        "url": "https://github.com/larkin1/config.nvim"
      },
      "original": {
        "shallow": true,
        "type": "git",
        "url": "https://github.com/larkin1/config.nvim"
      }
    },
    "config-quickshell": {
      "flake": false,
      "locked": {
        "lastModified": 1786392498,
        "narHash": "sha256-9kmzfyakXCYw6JgPpL2t9j5gAW408mcD2c6kghccx/I=",
        "ref": "refs/heads/main",
        "rev": "f8f425541da0ae3110ac1be44e11ac61bfaf2cff",
        "shallow": true,
        "type": "git",
        "url": "https://github.com/larkin1/config.quickshell"
      },
      "original": {
        "shallow": true,
        "type": "git",
        "url": "https://github.com/larkin1/config.quickshell"
      }
    },
    "config-walls": {
      "flake": false,
      "locked": {
        "lastModified": 1782371746,
        "narHash": "sha256-E75MxooEr8bQVrabO5V1X1TNNB4uxzS5kSes25xJjqY=",
        "ref": "refs/heads/main",
        "rev": "247979598e8447811b475a0e59ce2f64751b700c",
        "shallow": true,
        "type": "git",
        "url": "https://github.com/larkin1/config.walls"
      },
      "original": {
        "shallow": true,
        "type": "git",
        "url": "https://github.com/larkin1/config.walls"
      }
    },
    "helium": {
      "inputs": {
        "nixpkgs": [
          "nixpkgs"
        ],
        "nixpkgs-darwin": "nixpkgs-darwin",
        "utils": "utils"
      },
      "locked": {
        "lastModified": 1786241105,
        "narHash": "sha256-q/iBiqM4g029hhjsQcNyObWBsPrwAxtQo21bkXjeu0E=",
        "owner": "schembriaiden",
        "repo": "helium-browser-nix-flake",
        "rev": "88eb5c7ee75ef26ebaec8987274102063f34745b",
        "type": "github"
      },
      "original": {
        "owner": "schembriaiden",
        "repo": "helium-browser-nix-flake",
        "type": "github"
      }
    },
    "hjem": {
      "inputs": {
        "nixpkgs": [
          "nixpkgs"
        ]
      },
      "locked": {
        "lastModified": 1785929776,
        "narHash": "sha256-qwppDYdtxqtDpI1iSp7bs8prOJ0KQSvhJchfROD04f0=",
        "owner": "feel-co",
        "repo": "hjem",
        "rev": "b610953d0c56da6b28fd39c21bd193b88e91341c",
        "type": "github"
      },
      "original": {
        "owner": "feel-co",
        "repo": "hjem",
        "type": "github"
      }
    },
    "nixpkgs": {
      "locked": {
        "lastModified": 1786247143,
        "narHash": "sha256-8S3Kcxs7D4UtxJxSJZz0m14CGhuW0MxfrIwJxeGWGnQ=",
        "owner": "nixos",
        "repo": "nixpkgs",
        "rev": "279b4a8275f032c566576b3f181fa0f27197f588",
        "type": "github"
      },
      "original": {
        "owner": "nixos",
        "ref": "nixos-unstable",
        "repo": "nixpkgs",
        "type": "github"
      }
    },
    "nixpkgs-darwin": {
      "locked": {
        "lastModified": 1785067121,
        "narHash": "sha256-rdJdWxAcg5fnntU4DjPivPdVEN4F+VJavw+UWpEMeUI=",
        "owner": "NixOS",
        "repo": "nixpkgs",
        "rev": "329c3d2af6d1b618705150ea39f72c15eb4e613e",
        "type": "github"
      },
      "original": {
        "owner": "NixOS",
        "ref": "nixpkgs-26.05-darwin",
        "repo": "nixpkgs",
        "type": "github"
      }
    },
    "nixpkgs_2": {
      "locked": {
        "lastModified": 1786106723,
        "narHash": "sha256-CgKDSHL6rqAAQkkvg1xaZDQXb77+4XW73iGcUMJ+2w0=",
        "rev": "f13ff45afd1bb73e640eaa08a7066dbed07e3238",
        "type": "tarball",
        "url": "https://releases.nixos.org/nixos/unstable/nixos-26.11pre1049422.f13ff45afd1b/nixexprs.tar.xz"
      },
      "original": {
        "type": "tarball",
        "url": "https://channels.nixos.org/nixos-unstable/nixexprs.tar.xz"
      }
    },
    "root": {
      "inputs": {
        "config-nvim": "config-nvim",
        "config-quickshell": "config-quickshell",
        "config-walls": "config-walls",
        "helium": "helium",
        "hjem": "hjem",
        "nixpkgs": "nixpkgs",
        "spicetify-nix": "spicetify-nix"
      }
    },
    "spicetify-nix": {
      "inputs": {
        "nixpkgs": "nixpkgs_2",
        "systems": "systems_2"
      },
      "locked": {
        "lastModified": 1786252193,
        "narHash": "sha256-a9SbkJWloPso00G4zIUkerd9n2qRyDYoDPeUc4O3ME8=",
        "ref": "refs/heads/master",
        "rev": "a87616995724d27079b495ca07318512af799449",
        "revCount": 1019,
        "type": "git",
        "url": "https://github.com/Gerg-L/spicetify-nix"
      },
      "original": {
        "type": "git",
        "url": "https://github.com/Gerg-L/spicetify-nix"
      }
    },
    "systems": {
      "locked": {
        "lastModified": 1681028828,
        "narHash": "sha256-Vy1rq5AaRuLzOxct8nz4T6wlgyUR7zLU309k9mBC768=",
        "owner": "nix-systems",
        "repo": "default",
        "rev": "da67096a3b9bf56a91d16901293e51ba5b49a27e",
        "type": "github"
      },
      "original": {
        "owner": "nix-systems",
        "repo": "default",
        "type": "github"
      }
    },
    "systems_2": {
      "locked": {
        "lastModified": 1681028828,
        "narHash": "sha256-Vy1rq5AaRuLzOxct8nz4T6wlgyUR7zLU309k9mBC768=",
        "owner": "nix-systems",
        "repo": "default",
        "rev": "da67096a3b9bf56a91d16901293e51ba5b49a27e",
        "type": "github"
      },
      "original": {
        "owner": "nix-systems",
        "repo": "default",
        "type": "github"
      }
    },
    "utils": {
      "inputs": {
        "systems": "systems"
      },
      "locked": {
        "lastModified": 1731533236,
        "narHash": "sha256-l0KFg5HjrsfsO/JpG+r7fRrqm12kzFHyUHqHCVpMMbI=",
        "owner": "numtide",
        "repo": "flake-utils",
        "rev": "11707dc2f618dd54ca8739b309ec4fc024de578b",
        "type": "github"
      },
      "original": {
        "owner": "numtide",
        "repo": "flake-utils",
        "type": "github"
      }
    }
  },
  "root": "root",
  "version": 7
}
