[
  {
    "source": "wallhaven",
    "id": "gpjm3d",
    "url": "https://w.wallhaven.cc/full/gp/wallhaven-gpjm3d.png",
    "name": "wh-gpjm3d.png",
    "sha256": "009cgckicjff4scd0l47m8158rsr7n0rf6pb9mk343gghmxjg25f"
  },
  {
    "source": "wallhaven",
    "id": "og7x7p",
    "url": "https://w.wallhaven.cc/full/og/wallhaven-og7x7p.jpg",
    "name": "wh-og7x7p.jpg",
    "sha256": "01gdlnf0434qjxvip00wwm928smzyrnfx00rbfnr34gir7z08vc6"
  },
  {
    "source": "wallhaven",
    "id": "dg5kkm",
    "url": "https://w.wallhaven.cc/full/dg/wallhaven-dg5kkm.jpg",
    "name": "wh-dg5kkm.jpg",
    "sha256": "01lf4vs0pyn28z21jbjq0d8ylgc7j66vvl4c0p6ss14iqaana1n5"
  },
  {
    "source": "wallhaven",
    "id": "qrokdd",
    "url": "https://w.wallhaven.cc/full/qr/wallhaven-qrokdd.jpg",
    "name": "wh-qrokdd.jpg",
    "sha256": "04frizb7vqbd00cgpfxx8h5ighrcd7qh8wxp7m6z0300ac2cyx8m"
  },
  {
    "source": "wallhaven",
    "id": "vgpo65",
    "url": "https://w.wallhaven.cc/full/vg/wallhaven-vgpo65.jpg",
    "name": "wh-vgpo65.jpg",
    "sha256": "06ca7ba75vlj77gzkwkj2jhh2jg2bfj1gbrwy2qrakd5rjpqwmkf"
  },
  {
    "source": "wallhaven",
    "id": "lydkg2",
    "url": "https://w.wallhaven.cc/full/ly/wallhaven-lydkg2.jpg",
    "name": "wh-lydkg2.jpg",
    "sha256": "0bpk7cq1b8mngizs705bqi7r09cwl7arrav23l07i1akzcw73jh3"
  },
  {
    "source": "wallhaven",
    "id": "j5mz95",
    "url": "https://w.wallhaven.cc/full/j5/wallhaven-j5mz95.png",
    "name": "wh-j5mz95.png",
    "sha256": "0cz4zhjnzdwxy17g22rksfy0spinhy25jclvnjjlwgwijk29y65n"
  },
  {
    "source": "wallhaven",
    "id": "49down",
    "url": "https://w.wallhaven.cc/full/49/wallhaven-49down.png",
    "name": "wh-49down.png",
    "sha256": "0jfji0wp4jsbjy8a420067m7c13x5k1h23lm6qqxf9zzl8s52jl0"
  },
  {
    "source": "wallhaven",
    "id": "vp2ok3",
    "url": "https://w.wallhaven.cc/full/vp/wallhaven-vp2ok3.jpg",
    "name": "wh-vp2ok3.jpg",
    "sha256": "0kg3yiw1hbfx8v43ns3cckwiyij940prak1p7skqr3mcpqc0xqzv"
  },
  {
    "source": "wallhaven",
    "id": "1p55dw",
    "url": "https://w.wallhaven.cc/full/1p/wallhaven-1p55dw.png",
    "name": "wh-1p55dw.png",
    "sha256": "0kpz4nb9zn13dk1z281gjcziw23m8g1nby95vh043abwfyw21lj8"
  },
  {
    "source": "wallhaven",
    "id": "7jp6we",
    "url": "https://w.wallhaven.cc/full/7j/wallhaven-7jp6we.jpg",
    "name": "wh-7jp6we.jpg",
    "sha256": "0piipgqijf3c5lka19bazwi022q62jyqy1d7sh7dj8cppp58bds9"
  },
  {
    "source": "wallhaven",
    "id": "72j21e",
    "url": "https://w.wallhaven.cc/full/72/wallhaven-72j21e.jpg",
    "name": "wh-72j21e.jpg",
    "sha256": "0q5a4bpq76r5gbqh0zpixci14wkmiliadrp58rvlflgsqmzih0mm"
  },
  {
    "source": "wallhaven",
    "id": "8gj2z1",
    "url": "https://w.wallhaven.cc/full/8g/wallhaven-8gj2z1.png",
    "name": "wh-8gj2z1.png",
    "sha256": "0rsyccf89hk2bxjajn391nhks9m4kj95m60wischxb4631fxjkhg"
  },
  {
    "source": "wallhaven",
    "id": "49mq31",
    "url": "https://w.wallhaven.cc/full/49/wallhaven-49mq31.jpg",
    "name": "wh-49mq31.jpg",
    "sha256": "129a38bn1xn0sjk28jn9zik65xs4iycfmns20dm3xz2flns3j4mh"
  },
  {
    "source": "wallhaven",
    "id": "0122jw",
    "url": "https://w.wallhaven.cc/full/01/wallhaven-0122jw.png",
    "name": "wh-0122jw.png",
    "sha256": "129k1n6kb0wbgv7ial1p0qxnmz27gp1ysyqkq6m48h1lxjgigf6s"
  },
  {
    "source": "wallhaven",
    "id": "9omgp1",
    "url": "https://w.wallhaven.cc/full/9o/wallhaven-9omgp1.jpg",
    "name": "wh-9omgp1.jpg",
    "sha256": "142b1vy3mjclhgr35dj83xx86h3mdq2kpcr1lwy6jdw4mva6jam0"
  },
  {
    "source": "wallhaven",
    "id": "r779ej",
    "url": "https://w.wallhaven.cc/full/r7/wallhaven-r779ej.png",
    "name": "wh-r779ej.png",
    "sha256": "14hirxd9sxaw9vhm3vg2v3zkxdvhl6q1nvr9hpwiq853m2jv9mi7"
  },
  {
    "source": "wallhaven",
    "id": "57d827",
    "url": "https://w.wallhaven.cc/full/57/wallhaven-57d827.png",
    "name": "wh-57d827.png",
    "sha256": "14pri9xj3wwxmnv8z418bcki5r8vlha728mwvl4kb9d339a51zjg"
  },
  {
    "source": "wallhaven",
    "id": "1qoqr9",
    "url": "https://w.wallhaven.cc/full/1q/wallhaven-1qoqr9.jpg",
    "name": "wh-1qoqr9.jpg",
    "sha256": "1621biyywrcf12awnv288qy7raigql8zmjgz20szpi02h68289il"
  },
  {
    "source": "wallhaven",
    "id": "r29w2m",
    "url": "https://w.wallhaven.cc/full/r2/wallhaven-r29w2m.jpg",
    "name": "wh-r29w2m.jpg",
    "sha256": "17j2m8lgn1px444m2qsyy2v4gcg5w6k5agrky43dq4cnvwh8a2mg"
  },
  {
    "source": "wallhaven",
    "id": "0pzmrj",
    "url": "https://w.wallhaven.cc/full/0p/wallhaven-0pzmrj.jpg",
    "name": "wh-0pzmrj.jpg",
    "sha256": "192i85hg4cmjbkcd0xng5zj39fr5wylk2ln8zjydal4hnsnxj0qy"
  },
  {
    "source": "wallhaven",
    "id": "3q6m6y",
    "url": "https://w.wallhaven.cc/full/3q/wallhaven-3q6m6y.png",
    "name": "wh-3q6m6y.png",
    "sha256": "1cbpal9frr2300c3h5prryncd853cp4mhmb397bn2wni3376b8dl"
  },
  {
    "source": "wallhaven",
    "id": "x6x3gz",
    "url": "https://w.wallhaven.cc/full/x6/wallhaven-x6x3gz.png",
    "name": "wh-x6x3gz.png",
    "sha256": "1cwr17505kfllz39bp1gzm0jkh1mamfjil25ablqbngpm32ngyv2"
  },
  {
    "source": "wallhaven",
    "id": "m9md18",
    "url": "https://w.wallhaven.cc/full/m9/wallhaven-m9md18.jpg",
    "name": "wh-m9md18.jpg",
    "sha256": "1d1q1jlq2ag6cszz8cwzxv2h06r36rb6nwjmnqszz3hr8hj1d39k"
  },
  {
    "source": "wallhaven",
    "id": "w88rmx",
    "url": "https://w.wallhaven.cc/full/w8/wallhaven-w88rmx.png",
    "name": "wh-w88rmx.png",
    "sha256": "1g9lvrx3qzma7vfddr07adl2myk6hqca7b0p5pl4ifa9lx8axz5g"
  },
  {
    "source": "wallhaven",
    "id": "lyje9y",
    "url": "https://w.wallhaven.cc/full/ly/wallhaven-lyje9y.png",
    "name": "wh-lyje9y.png",
    "sha256": "1jh7rxp1f42fqv3a769d1p05lm3gza2fv4qxhj5v4jxs55v5zw8x"
  },
  {
    "source": "wallhaven",
    "id": "w5x99p",
    "url": "https://w.wallhaven.cc/full/w5/wallhaven-w5x99p.jpg",
    "name": "wh-w5x99p.jpg",
    "sha256": "1k509zrb0akq3lh0k2693854fgc01rv7sm5bya6rb8a8gmy4m3gm"
  },
  {
    "source": "wallhaven",
    "id": "p86dyp",
    "url": "https://w.wallhaven.cc/full/p8/wallhaven-p86dyp.jpg",
    "name": "wh-p86dyp.jpg",
    "sha256": "1mc0fnx6507m1ljqccplc9i9563flvy061jsyxg9ncdf34f3gjap"
  },
  {
    "source": "wallhaven",
    "id": "gw1wy3",
    "url": "https://w.wallhaven.cc/full/gw/wallhaven-gw1wy3.jpg",
    "name": "wh-gw1wy3.jpg",
    "sha256": "1n19c56j66pg4vfw9rfqr1az9hkb39rpbp0ca3bk2mf9pjq3xffk"
  },
  {
    "source": "wallhaven",
    "id": "eymm6l",
    "url": "https://w.wallhaven.cc/full/ey/wallhaven-eymm6l.jpg",
    "name": "wh-eymm6l.jpg",
    "sha256": "1wqwrcc7qkz29s41h2g871lhycd71wsryx37pyq9irx3sz2gsw15"
  },
  {
    "source": "wallhaven",
    "id": "6ome1w",
    "url": "https://w.wallhaven.cc/full/6o/wallhaven-6ome1w.jpg",
    "name": "wh-6ome1w.jpg",
    "sha256": "1x116cha4yxk87kgibwgb4i2zq42slmfvy575za0nqhr52x7crnr"
  },
  {
    "source": "wallhaven",
    "id": "gw178q",
    "url": "https://w.wallhaven.cc/full/gw/wallhaven-gw178q.png",
    "name": "wh-gw178q.png",
    "sha256": "1yawc231j0y7dwk4gzzq2a43hzdrwg50r95y5m3pay1xv2hjyxkb"
  }
]
